
Microsoft Visual Studio Solution File, Format Version 12.00
# Visual Studio Version 17
VisualStudioVersion = 17.0.31919.166
MinimumVisualStudioVersion = 10.0.40219.1
Project("{FAE04EC0-301F-11D3-BF4B-00C04F79EFBC}") = "DomainCounter", "DomainCounter\DomainCounter.csproj", "{19726CB1-390A-402F-9BC9-727B4340FDC3}"
EndProject
Global
	GlobalSection(SolutionConfigurationPlatforms) = preSolution
		Debug|Any CPU = Debug|Any CPU
		Release|Any CPU = Release|Any CPU
	EndGlobalSection
	GlobalSection(ProjectConfigurationPlatforms) = postSolution
		{19726CB1-390A-402F-9BC9-727B4340FDC3}.Debug|Any CPU.ActiveCfg = Debug|Any CPU
		{19726CB1-390A-402F-9BC9-727B4340FDC3}.Debug|Any CPU.Build.0 = Debug|Any CPU
		{19726CB1-390A-402F-9BC9-727B4340FDC3}.Release|Any CPU.ActiveCfg = Release|Any CPU
		{19726CB1-390A-402F-9BC9-727B4340FDC3}.Release|Any CPU.Build.0 = Release|Any CPU
	EndGlobalSection
	GlobalSection(SolutionProperties) = preSolution
		HideSolutionNode = FALSE
	EndGlobalSection
	GlobalSection(ExtensibilityGlobals) = postSolution
		SolutionGuid = {49605E6F-D9BE-49DD-9625-5A122C4A1228}
	EndGlobalSection
EndGlobal
